// !$*UTF8*$!
{
	archiveVersion = 1;
	classes = {
	};
	objectVersion = 50;
	objects = {

/* Begin PBXBuildFile section */
		C189CF40257DA2B50096BE98 /* AppDelegate.swift in Sources */ = {isa = PBXBuildFile; fileRef = C189CF3F257DA2B50096BE98 /* AppDelegate.swift */; };
		C189CF42257DA2B50096BE98 /* SceneDelegate.swift in Sources */ = {isa = PBXBuildFile; fileRef = C189CF41257DA2B50096BE98 /* SceneDelegate.swift */; };
		C189CF44257DA2B50096BE98 /* ViewController.swift in Sources */ = {isa = PBXBuildFile; fileRef = C189CF43257DA2B50096BE98 /* ViewController.swift */; };
		C189CF47257DA2B50096BE98 /* Main.storyboard in Resources */ = {isa = PBXBuildFile; fileRef = C189CF45257DA2B50096BE98 /* Main.storyboard */; };
		C189CF49257DA2B60096BE98 /* Assets.xcassets in Resources */ = {isa = PBXBuildFile; fileRef = C189CF48257DA2B60096BE98 /* Assets.xcassets */; };
		C189CF4C257DA2B60096BE98 /* LaunchScreen.storyboard in Resources */ = {isa = PBXBuildFile; fileRef = C189CF4A257DA2B60096BE98 /* LaunchScreen.storyboard */; };
		C189CF56257DAB160096BE98 /* QuizViewController.swift in Sources */ = {isa = PBXBuildFile; fileRef = C189CF55257DAB160096BE98 /* QuizViewController.swift */; };
		C189CF59257DAB2A0096BE98 /* ResultViewController.swift in Sources */ = {isa = PBXBuildFile; fileRef = C189CF58257DAB290096BE98 /* ResultViewController.swift */; };
		C189CF5C257DAD560096BE98 /* Quiz.swift in Sources */ = {isa = PBXBuildFile; fileRef = C189CF5B257DAD560096BE98 /* Quiz.swift */; };
		C189CF5F257DAD740096BE98 /* QuizManager.swift in Sources */ = {isa = PBXBuildFile; fileRef = C189CF5E257DAD740096BE98 /* QuizManager.swift */; };
/* End PBXBuildFile section */

/* Begin PBXFileReference section */
		C189CF3C257DA2B50096BE98 /* SwiftQuiz.app */ = {isa = PBXFileReference; explicitFileType = wrapper.application; includeInIndex = 0; path = SwiftQuiz.app; sourceTree = BUILT_PRODUCTS_DIR; };
		C189CF3F257DA2B50096BE98 /* AppDelegate.swift */ = {isa = PBXFileReference; lastKnownFileType = sourcecode.swift; path = AppDelegate.swift; sourceTree = "<group>"; };
		C189CF41257DA2B50096BE98 /* SceneDelegate.swift */ = {isa = PBXFileReference; lastKnownFileType = sourcecode.swift; path = SceneDelegate.swift; sourceTree = "<group>"; };
		C189CF43257DA2B50096BE98 /* ViewController.swift */ = {isa = PBXFileReference; lastKnownFileType = sourcecode.swift; path = ViewController.swift; sourceTree = "<group>"; };
		C189CF46257DA2B50096BE98 /* Base */ = {isa = PBXFileReference; lastKnownFileType = file.storyboard; name = Base; path = Base.lproj/Main.storyboard; sourceTree = "<group>"; };
		C189CF48257DA2B60096BE98 /* Assets.xcassets */ = {isa = PBXFileReference; lastKnownFileType = folder.assetcatalog; path = Assets.xcassets; sourceTree = "<group>"; };
		C189CF4B257DA2B60096BE98 /* Base */ = {isa = PBXFileReference; lastKnownFileType = file.storyboard; name = Base; path = Base.lproj/LaunchScreen.storyboard; sourceTree = "<group>"; };
		C189CF4D257DA2B60096BE98 /* Info.plist */ = {isa = PBXFileReference; lastKnownFileType = text.plist.xml; path = Info.plist; sourceTree = "<group>"; };
		C189CF55257DAB160096BE98 /* QuizViewController.swift */ = {isa = PBXFileReference; lastKnownFileType = sourcecode.swift; path = QuizViewController.swift; sourceTree = "<group>"; };
		C189CF58257DAB290096BE98 /* ResultViewController.swift */ = {isa = PBXFileReference; lastKnownFileType = sourcecode.swift; path = ResultViewController.swift; sourceTree = "<group>"; };
		C189CF5B257DAD560096BE98 /* Quiz.swift */ = {isa = PBXFileReference; lastKnownFileType = sourcecode.swift; path = Quiz.swift; sourceTree = "<group>"; };
		C189CF5E257DAD740096BE98 /* QuizManager.swift */ = {isa = PBXFileReference; lastKnownFileType = sourcecode.swift; path = QuizManager.swift; sourceTree = "<group>"; };
/* End PBXFileReference section */

/* Begin PBXFrameworksBuildPhase section */
		C189CF39257DA2B50096BE98 /* Frameworks */ = {
			isa = PBXFrameworksBuildPhase;
			buildActionMask = 2147483647;
			files = (
			);
			runOnlyForDeploymentPostprocessing = 0;
		};
/* End PBXFrameworksBuildPhase section */

/* Begin PBXGroup section */
		C189CF33257DA2B50096BE98 = {
			isa = PBXGroup;
			children = (
				C189CF3E257DA2B50096BE98 /* SwiftQuiz */,
				C189CF3D257DA2B50096BE98 /* Products */,
			);
			sourceTree = "<group>";
		};
		C189CF3D257DA2B50096BE98 /* Products */ = {
			isa = PBXGroup;
			children = (
				C189CF3C257DA2B50096BE98 /* SwiftQuiz.app */,
			);
			name = Products;
			sourceTree = "<group>";
		};
		C189CF3E257DA2B50096BE98 /* SwiftQuiz */ = {
			isa = PBXGroup;
			children = (
				C189CF3F257DA2B50096BE98 /* AppDelegate.swift */,
				C189CF41257DA2B50096BE98 /* SceneDelegate.swift */,
				C189CF43257DA2B50096BE98 /* ViewController.swift */,
				C189CF45257DA2B50096BE98 /* Main.storyboard */,
				C189CF5B257DAD560096BE98 /* Quiz.swift */,
				C189CF5E257DAD740096BE98 /* QuizManager.swift */,
				C189CF55257DAB160096BE98 /* QuizViewController.swift */,
				C189CF58257DAB290096BE98 /* ResultViewController.swift */,
				C189CF48257DA2B60096BE98 /* Assets.xcassets */,
				C189CF4A257DA2B60096BE98 /* LaunchScreen.storyboard */,
				C189CF4D257DA2B60096BE98 /* Info.plist */,
			);
			path = SwiftQuiz;
			sourceTree = "<group>";
		};
/* End PBXGroup section */

/* Begin PBXNativeTarget section */
		C189CF3B257DA2B50096BE98 /* SwiftQuiz */ = {
			isa = PBXNativeTarget;
			buildConfigurationList = C189CF50257DA2B60096BE98 /* Build configuration list for PBXNativeTarget "SwiftQuiz" */;
			buildPhases = (
				C189CF38257DA2B50096BE98 /* Sources */,
				C189CF39257DA2B50096BE98 /* Frameworks */,
				C189CF3A257DA2B50096BE98 /* Resources */,
			);
			buildRules = (
			);
			dependencies = (
			);
			name = SwiftQuiz;
			productName = SwiftQuiz;
			productReference = C189CF3C257DA2B50096BE98 /* SwiftQuiz.app */;
			productType = "com.apple.product-type.application";
		};
/* End PBXNativeTarget section */

/* Begin PBXProject section */
		C189CF34257DA2B50096BE98 /* Project object */ = {
			isa = PBXProject;
			attributes = {
				LastSwiftUpdateCheck = 1220;
				LastUpgradeCheck = 1220;
				TargetAttributes = {
					C189CF3B257DA2B50096BE98 = {
						CreatedOnToolsVersion = 12.2;
					};
				};
			};
			buildConfigurationList = C189CF37257DA2B50096BE98 /* Build configuration list for PBXProject "SwiftQuiz" */;
			compatibilityVersion = "Xcode 9.3";
			developmentRegion = en;
			hasScannedForEncodings = 0;
			knownRegions = (
				en,
				Base,
			);
			mainGroup = C189CF33257DA2B50096BE98;
			productRefGroup = C189CF3D257DA2B50096BE98 /* Products */;
			projectDirPath = "";
			projectRoot = "";
			targets = (
				C189CF3B257DA2B50096BE98 /* SwiftQuiz */,
			);
		};
/* End PBXProject section */

/* Begin PBXResourcesBuildPhase section */
		C189CF3A257DA2B50096BE98 /* Resources */ = {
			isa = PBXResourcesBuildPhase;
			buildActionMask = 2147483647;
			files = (
				C189CF4C257DA2B60096BE98 /* LaunchScreen.storyboard in Resources */,
				C189CF49257DA2B60096BE98 /* Assets.xcassets in Resources */,
				C189CF47257DA2B50096BE98 /* Main.storyboard in Resources */,
			);
			runOnlyForDeploymentPostprocessing = 0;
		};
/* End PBXResourcesBuildPhase section */

/* Begin PBXSourcesBuildPhase section */
		C189CF38257DA2B50096BE98 /* Sources */ = {
			isa = PBXSourcesBuildPhase;
			buildActionMask = 2147483647;
			files = (
				C189CF59257DAB2A0096BE98 /* ResultViewController.swift in Sources */,
				C189CF44257DA2B50096BE98 /* ViewController.swift in Sources */,
				C189CF5C257DAD560096BE98 /* Quiz.swift in Sources */,
				C189CF5F257DAD740096BE98 /* QuizManager.swift in Sources */,
				C189CF40257DA2B50096BE98 /* AppDelegate.swift in Sources */,
				C189CF42257DA2B50096BE98 /* SceneDelegate.swift in Sources */,
				C189CF56257DAB160096BE98 /* QuizViewController.swift in Sources */,
			);
			runOnlyForDeploymentPostprocessing = 0;
		};
/* End PBXSourcesBuildPhase section */

/* Begin PBXVariantGroup section */
		C189CF45257DA2B50096BE98 /* Main.storyboard */ = {
			isa = PBXVariantGroup;
			children = (
				C189CF46257DA2B50096BE98 /* Base */,
			);
			name = Main.storyboard;
			sourceTree = "<group>";
		};
		C189CF4A257DA2B60096BE98 /* LaunchScreen.storyboard */ = {
			isa = PBXVariantGroup;
			children = (
				C189CF4B257DA2B60096BE98 /* Base */,
			);
			name = LaunchScreen.storyboard;
			sourceTree = "<group>";
		};
/* End PBXVariantGroup section */

/* Begin XCBuildConfiguration section */
		C189CF4E257DA2B60096BE98 /* Debug */ = {
			isa = XCBuildConfiguration;
			buildSettings = {
				ALWAYS_SEARCH_USER_PATHS = NO;
				CLANG_ANALYZER_NONNULL = YES;
				CLANG_ANALYZER_NUMBER_OBJECT_CONVERSION = YES_AGGRESSIVE;
				CLANG_CXX_LANGUAGE_STANDARD = "gnu++14";
				CLANG_CXX_LIBRARY = "libc++";
				CLANG_ENABLE_MODULES = YES;
				CLANG_ENABLE_OBJC_ARC = YES;
				CLANG_ENABLE_OBJC_WEAK = YES;
				CLANG_WARN_BLOCK_CAPTURE_AUTORELEASING = YES;
				CLANG_WARN_BOOL_CONVERSION = YES;
				CLANG_WARN_COMMA = YES;
				CLANG_WARN_CONSTANT_CONVERSION = YES;
				CLANG_WARN_DEPRECATED_OBJC_IMPLEMENTATIONS = YES;
				CLANG_WARN_DIRECT_OBJC_ISA_USAGE = YES_ERROR;
				CLANG_WARN_DOCUMENTATION_COMMENTS = YES;
				CLANG_WARN_EMPTY_BODY = YES;
				CLANG_WARN_ENUM_CONVERSION = YES;
				CLANG_WARN_INFINITE_RECURSION = YES;
				CLANG_WARN_INT_CONVERSION = YES;
				CLANG_WARN_NON_LITERAL_NULL_CONVERSION = YES;
				CLANG_WARN_OBJC_IMPLICIT_RETAIN_SELF = YES;
				CLANG_WARN_OBJC_LITERAL_CONVERSION = YES;
				CLANG_WARN_OBJC_ROOT_CLASS = YES_ERROR;
				CLANG_WARN_QUOTED_INCLUDE_IN_FRAMEWORK_HEADER = YES;
				CLANG_WARN_RANGE_LOOP_ANALYSIS = YES;
				CLANG_WARN_STRICT_PROTOTYPES = YES;
				CLANG_WARN_SUSPICIOUS_MOVE = YES;
				CLANG_WARN_UNGUARDED_AVAILABILITY = YES_AGGRESSIVE;
				CLANG_WARN_UNREACHABLE_CODE = YES;
				CLANG_WARN__DUPLICATE_METHOD_MATCH = YES;
				COPY_PHASE_STRIP = NO;
				DEBUG_INFORMATION_FORMAT = dwarf;
				ENABLE_STRICT_OBJC_MSGSEND = YES;
				ENABLE_TESTABILITY = YES;
				GCC_C_LANGUAGE_STANDARD = gnu11;
				GCC_DYNAMIC_NO_PIC = NO;
				GCC_NO_COMMON_BLOCKS = YES;
				GCC_OPTIMIZATION_LEVEL = 0;
				GCC_PREPROCESSOR_DEFINITIONS = (
					"DEBUG=1",
					"$(inherited)",
				);
				GCC_WARN_64_TO_32_BIT_CONVERSION = YES;
				GCC_WARN_ABOUT_RETURN_TYPE = YES_ERROR;
				GCC_WARN_UNDECLARED_SELECTOR = YES;
				GCC_WARN_UNINITIALIZED_AUTOS = YES_AGGRESSIVE;
				GCC_WARN_UNUSED_FUNCTION = YES;
				GCC_WARN_UNUSED_VARIABLE = YES;
				IPHONEOS_DEPLOYMENT_TARGET = 14.2;
				MTL_ENABLE_DEBUG_INFO = INCLUDE_SOURCE;
				MTL_FAST_MATH = YES;
				ONLY_ACTIVE_ARCH = YES;
				SDKROOT = iphoneos;
				SWIFT_ACTIVE_COMPILATION_CONDITIONS = DEBUG;
				SWIFT_OPTIMIZATION_LEVEL = "-Onone";
			};
			name = Debug;
		};
		C189CF4F257DA2B60096BE98 /* Release */ = {
			isa = XCBuildConfiguration;
			buildSettings = {
				ALWAYS_SEARCH_USER_PATHS = NO;
				CLANG_ANALYZER_NONNULL = YES;
				CLANG_ANALYZER_NUMBER_OBJECT_CONVERSION = YES_AGGRESSIVE;
				CLANG_CXX_LANGUAGE_STANDARD = "gnu++14";
				CLANG_CXX_LIBRARY = "libc++";
				CLANG_ENABLE_MODULES = YES;
				CLANG_ENABLE_OBJC_ARC = YES;
				CLANG_ENABLE_OBJC_WEAK = YES;
				CLANG_WARN_BLOCK_CAPTURE_AUTORELEASING = YES;
				CLANG_WARN_BOOL_CONVERSION = YES;
				CLANG_WARN_COMMA = YES;
				CLANG_WARN_CONSTANT_CONVERSION = YES;
				CLANG_WARN_DEPRECATED_OBJC_IMPLEMENTATIONS = YES;
				CLANG_WARN_DIRECT_OBJC_ISA_USAGE = YES_ERROR;
				CLANG_WARN_DOCUMENTATION_COMMENTS = YES;
				CLANG_WARN_EMPTY_BODY = YES;
				CLANG_WARN_ENUM_CONVERSION = YES;
				CLANG_WARN_INFINITE_RECURSION = YES;
				CLANG_WARN_INT_CONVERSION = YES;
				CLANG_WARN_NON_LITERAL_NULL_CONVERSION = YES;
				CLANG_WARN_OBJC_IMPLICIT_RETAIN_SELF = YES;
				CLANG_WARN_OBJC_LITERAL_CONVERSION = YES;
				CLANG_WARN_OBJC_ROOT_CLASS = YES_ERROR;
				CLANG_WARN_QUOTED_INCLUDE_IN_FRAMEWORK_HEADER = YES;
				CLANG_WARN_RANGE_LOOP_ANALYSIS = YES;
				CLANG_WARN_STRICT_PROTOTYPES = YES;
				CLANG_WARN_SUSPICIOUS_MOVE = YES;
				CLANG_WARN_UNGUARDED_AVAILABILITY = YES_AGGRESSIVE;
				CLANG_WARN_UNREACHABLE_CODE = YES;
				CLANG_WARN__DUPLICATE_METHOD_MATCH = YES;
				COPY_PHASE_STRIP = NO;
				DEBUG_INFORMATION_FORMAT = "dwarf-with-dsym";
				ENABLE_NS_ASSERTIONS = NO;
				ENABLE_STRICT_OBJC_MSGSEND = YES;
				GCC_C_LANGUAGE_STANDARD = gnu11;
				GCC_NO_COMMON_BLOCKS = YES;
				GCC_WARN_64_TO_32_BIT_CONVERSION = YES;
				GCC_WARN_ABOUT_RETURN_TYPE = YES_ERROR;
				GCC_WARN_UNDECLARED_SELECTOR = YES;
				GCC_WARN_UNINITIALIZED_AUTOS = YES_AGGRESSIVE;
				GCC_WARN_UNUSED_FUNCTION = YES;
				GCC_WARN_UNUSED_VARIABLE = YES;
				IPHONEOS_DEPLOYMENT_TARGET = 14.2;
				MTL_ENABLE_DEBUG_INFO = NO;
				MTL_FAST_MATH = YES;
				SDKROOT = iphoneos;
				SWIFT_COMPILATION_MODE = wholemodule;
				SWIFT_OPTIMIZATION_LEVEL = "-O";
				VALIDATE_PRODUCT = YES;
			};
			name = Release;
		};
		C189CF51257DA2B60096BE98 /* Debug */ = {
			isa = XCBuildConfiguration;
			buildSettings = {
				ASSETCATALOG_COMPILER_APPICON_NAME = AppIcon;
				ASSETCATALOG_COMPILER_GLOBAL_ACCENT_COLOR_NAME = AccentColor;
				CODE_SIGN_STYLE = Automatic;
				DEVELOPMENT_TEAM = 9QH8M89WF9;
				INFOPLIST_FILE = SwiftQuiz/Info.plist;
				LD_RUNPATH_SEARCH_PATHS = (
					"$(inherited)",
					"@executable_path/Frameworks",
				);
				PRODUCT_BUNDLE_IDENTIFIER = com.fabiofiorita.SwiftQuiz;
				PRODUCT_NAME = "$(TARGET_NAME)";
				SWIFT_VERSION = 5.0;
				TARGETED_DEVICE_FAMILY = 1;
			};
			name = Debug;
		};
		C189CF52257DA2B60096BE98 /* Release */ = {
			isa = XCBuildConfiguration;
			buildSettings = {
				ASSETCATALOG_COMPILER_APPICON_NAME = AppIcon;
				ASSETCATALOG_COMPILER_GLOBAL_ACCENT_COLOR_NAME = AccentColor;
				CODE_SIGN_STYLE = Automatic;
				DEVELOPMENT_TEAM = 9QH8M89WF9;
				INFOPLIST_FILE = SwiftQuiz/Info.plist;
				LD_RUNPATH_SEARCH_PATHS = (
					"$(inherited)",
					"@executable_path/Frameworks",
				);
				PRODUCT_BUNDLE_IDENTIFIER = com.fabiofiorita.SwiftQuiz;
				PRODUCT_NAME = "$(TARGET_NAME)";
				SWIFT_VERSION = 5.0;
				TARGETED_DEVICE_FAMILY = 1;
			};
			name = Release;
		};
/* End XCBuildConfiguration section */

/* Begin XCConfigurationList section */
		C189CF37257DA2B50096BE98 /* Build configuration list for PBXProject "SwiftQuiz" */ = {
			isa = XCConfigurationList;
			buildConfigurations = (
				C189CF4E257DA2B60096BE98 /* Debug */,
				C189CF4F257DA2B60096BE98 /* Release */,
			);
			defaultConfigurationIsVisible = 0;
			defaultConfigurationName = Release;
		};
		C189CF50257DA2B60096BE98 /* Build configuration list for PBXNativeTarget "SwiftQuiz" */ = {
			isa = XCConfigurationList;
			buildConfigurations = (
				C189CF51257DA2B60096BE98 /* Debug */,
				C189CF52257DA2B60096BE98 /* Release */,
			);
			defaultConfigurationIsVisible = 0;
			defaultConfigurationName = Release;
		};
/* End XCConfigurationList section */
	};
	rootObject = C189CF34257DA2B50096BE98 /* Project object */;
}
